
Microsoft Visual Studio Solution File, Format Version 12.00
# Visual Studio 15
VisualStudioVersion = 15.0.26730.3
MinimumVisualStudioVersion = 10.0.40219.1
Project("{888888A0-9F3D-457C-B088-3A5042F75D52}") = "Project3Spikes", "Project3Spikes.pyproj", "{DC35D93D-8A5B-4A58-9E54-7F4325040EC9}"
EndProject
Global
	GlobalSection(SolutionConfigurationPlatforms) = preSolution
		Debug|Any CPU = Debug|Any CPU
		Release|Any CPU = Release|Any CPU
	EndGlobalSection
	GlobalSection(ProjectConfigurationPlatforms) = postSolution
		{DC35D93D-8A5B-4A58-9E54-7F4325040EC9}.Debug|Any CPU.ActiveCfg = Debug|Any CPU
		{DC35D93D-8A5B-4A58-9E54-7F4325040EC9}.Release|Any CPU.ActiveCfg = Release|Any CPU
	EndGlobalSection
	GlobalSection(SolutionProperties) = preSolution
		HideSolutionNode = FALSE
	EndGlobalSection
	GlobalSection(ExtensibilityGlobals) = postSolution
		SolutionGuid = {5051651C-4142-43F7-8AF3-55E5A6059B3C}
	EndGlobalSection
EndGlobal
