
Microsoft Visual Studio Solution File, Format Version 12.00
# Visual Studio 15
VisualStudioVersion = 15.0.26730.3
MinimumVisualStudioVersion = 10.0.40219.1
Project("{888888A0-9F3D-457C-B088-3A5042F75D52}") = "tensorflow-intro", "tensorflow-intro.pyproj", "{386371E2-8F5A-4C54-BF5E-CD0B88CD93EC}"
EndProject
Global
	GlobalSection(SolutionConfigurationPlatforms) = preSolution
		Debug|Any CPU = Debug|Any CPU
		Release|Any CPU = Release|Any CPU
	EndGlobalSection
	GlobalSection(ProjectConfigurationPlatforms) = postSolution
		{386371E2-8F5A-4C54-BF5E-CD0B88CD93EC}.Debug|Any CPU.ActiveCfg = Debug|Any CPU
		{386371E2-8F5A-4C54-BF5E-CD0B88CD93EC}.Release|Any CPU.ActiveCfg = Release|Any CPU
	EndGlobalSection
	GlobalSection(SolutionProperties) = preSolution
		HideSolutionNode = FALSE
	EndGlobalSection
	GlobalSection(ExtensibilityGlobals) = postSolution
		SolutionGuid = {DBFA449E-0F5A-4F8E-BFA0-BE0B834E5F8B}
	EndGlobalSection
EndGlobal
